
Microsoft Visual Studio Solution File, Format Version 12.00
# Visual Studio 15
VisualStudioVersion = 15.0.27428.2037
MinimumVisualStudioVersion = 10.0.40219.1
Project("{FAE04EC0-301F-11D3-BF4B-00C04F79EFBC}") = "Encrypter", "Encrypter.csproj", "{F40A75FC-F489-40DA-B186-41917AE55A87}"
EndProject
Global
	GlobalSection(SolutionConfigurationPlatforms) = preSolution
		Debug|Any CPU = Debug|Any CPU
		Release|Any CPU = Release|Any CPU
	EndGlobalSection
	GlobalSection(ProjectConfigurationPlatforms) = postSolution
		{F40A75FC-F489-40DA-B186-41917AE55A87}.Debug|Any CPU.ActiveCfg = Debug|Any CPU
		{F40A75FC-F489-40DA-B186-41917AE55A87}.Debug|Any CPU.Build.0 = Debug|Any CPU
		{F40A75FC-F489-40DA-B186-41917AE55A87}.Release|Any CPU.ActiveCfg = Release|Any CPU
		{F40A75FC-F489-40DA-B186-41917AE55A87}.Release|Any CPU.Build.0 = Release|Any CPU
	EndGlobalSection
	GlobalSection(SolutionProperties) = preSolution
		HideSolutionNode = FALSE
	EndGlobalSection
	GlobalSection(ExtensibilityGlobals) = postSolution
		SolutionGuid = {1AD110F4-D560-4012-945B-3EC938BB22C0}
	EndGlobalSection
EndGlobal
