
Microsoft Visual Studio Solution File, Format Version 12.00
# Visual Studio 15
VisualStudioVersion = 15.0.27428.2037
MinimumVisualStudioVersion = 10.0.40219.1
Project("{FAE04EC0-301F-11D3-BF4B-00C04F79EFBC}") = "PhotoAlbumTarea", "PhotoAlbumTarea.csproj", "{ED4AB929-66AB-404F-9CA5-2988738C1C3C}"
EndProject
Global
	GlobalSection(SolutionConfigurationPlatforms) = preSolution
		Debug|Any CPU = Debug|Any CPU
		Release|Any CPU = Release|Any CPU
	EndGlobalSection
	GlobalSection(ProjectConfigurationPlatforms) = postSolution
		{ED4AB929-66AB-404F-9CA5-2988738C1C3C}.Debug|Any CPU.ActiveCfg = Debug|Any CPU
		{ED4AB929-66AB-404F-9CA5-2988738C1C3C}.Debug|Any CPU.Build.0 = Debug|Any CPU
		{ED4AB929-66AB-404F-9CA5-2988738C1C3C}.Release|Any CPU.ActiveCfg = Release|Any CPU
		{ED4AB929-66AB-404F-9CA5-2988738C1C3C}.Release|Any CPU.Build.0 = Release|Any CPU
	EndGlobalSection
	GlobalSection(SolutionProperties) = preSolution
		HideSolutionNode = FALSE
	EndGlobalSection
	GlobalSection(ExtensibilityGlobals) = postSolution
		SolutionGuid = {BC6972B6-427C-4AE0-BF31-909DE13DDC23}
	EndGlobalSection
EndGlobal
